// !$*UTF8*$!
{
	archiveVersion = 1;
	classes = {
	};
	objectVersion = 56;
	objects = {

/* Begin PBXBuildFile section */
		711D01872BDA7149009C95E2 /* NIOHTTP2 in Frameworks */ = {isa = PBXBuildFile; productRef = 711D01862BDA7149009C95E2 /* NIOHTTP2 */; };
		711D01892BDA7155009C95E2 /* MockServer.swift in Sources */ = {isa = PBXBuildFile; fileRef = 711D01882BDA7155009C95E2 /* MockServer.swift */; };
		719820072BD92ECF002852B1 /* AppDelegate.swift in Sources */ = {isa = PBXBuildFile; fileRef = 719820062BD92ECF002852B1 /* AppDelegate.swift */; };
		719820092BD92ECF002852B1 /* SceneDelegate.swift in Sources */ = {isa = PBXBuildFile; fileRef = 719820082BD92ECF002852B1 /* SceneDelegate.swift */; };
		7198200B2BD92ECF002852B1 /* ViewController.swift in Sources */ = {isa = PBXBuildFile; fileRef = 7198200A2BD92ECF002852B1 /* ViewController.swift */; };
		7198200E2BD92ECF002852B1 /* Main.storyboard in Resources */ = {isa = PBXBuildFile; fileRef = 7198200C2BD92ECF002852B1 /* Main.storyboard */; };
		719820102BD92ED2002852B1 /* Assets.xcassets in Resources */ = {isa = PBXBuildFile; fileRef = 7198200F2BD92ED2002852B1 /* Assets.xcassets */; };
		719820132BD92ED2002852B1 /* LaunchScreen.storyboard in Resources */ = {isa = PBXBuildFile; fileRef = 719820112BD92ED2002852B1 /* LaunchScreen.storyboard */; };
/* End PBXBuildFile section */

/* Begin PBXFileReference section */
		711D01882BDA7155009C95E2 /* MockServer.swift */ = {isa = PBXFileReference; lastKnownFileType = sourcecode.swift; path = MockServer.swift; sourceTree = "<group>"; };
		719820032BD92ECF002852B1 /* WebViewANL.app */ = {isa = PBXFileReference; explicitFileType = wrapper.application; includeInIndex = 0; path = WebViewANL.app; sourceTree = BUILT_PRODUCTS_DIR; };
		719820062BD92ECF002852B1 /* AppDelegate.swift */ = {isa = PBXFileReference; lastKnownFileType = sourcecode.swift; path = AppDelegate.swift; sourceTree = "<group>"; };
		719820082BD92ECF002852B1 /* SceneDelegate.swift */ = {isa = PBXFileReference; lastKnownFileType = sourcecode.swift; path = SceneDelegate.swift; sourceTree = "<group>"; };
		7198200A2BD92ECF002852B1 /* ViewController.swift */ = {isa = PBXFileReference; lastKnownFileType = sourcecode.swift; path = ViewController.swift; sourceTree = "<group>"; };
		7198200D2BD92ECF002852B1 /* Base */ = {isa = PBXFileReference; lastKnownFileType = file.storyboard; name = Base; path = Base.lproj/Main.storyboard; sourceTree = "<group>"; };
		7198200F2BD92ED2002852B1 /* Assets.xcassets */ = {isa = PBXFileReference; lastKnownFileType = folder.assetcatalog; path = Assets.xcassets; sourceTree = "<group>"; };
		719820122BD92ED2002852B1 /* Base */ = {isa = PBXFileReference; lastKnownFileType = file.storyboard; name = Base; path = Base.lproj/LaunchScreen.storyboard; sourceTree = "<group>"; };
		719820142BD92ED2002852B1 /* Info.plist */ = {isa = PBXFileReference; lastKnownFileType = text.plist.xml; path = Info.plist; sourceTree = "<group>"; };
/* End PBXFileReference section */

/* Begin PBXFrameworksBuildPhase section */
		719820002BD92ECF002852B1 /* Frameworks */ = {
			isa = PBXFrameworksBuildPhase;
			buildActionMask = 2147483647;
			files = (
				711D01872BDA7149009C95E2 /* NIOHTTP2 in Frameworks */,
			);
			runOnlyForDeploymentPostprocessing = 0;
		};
/* End PBXFrameworksBuildPhase section */

/* Begin PBXGroup section */
		71981FFA2BD92ECF002852B1 = {
			isa = PBXGroup;
			children = (
				719820052BD92ECF002852B1 /* WebViewANL */,
				719820042BD92ECF002852B1 /* Products */,
			);
			sourceTree = "<group>";
		};
		719820042BD92ECF002852B1 /* Products */ = {
			isa = PBXGroup;
			children = (
				719820032BD92ECF002852B1 /* WebViewANL.app */,
			);
			name = Products;
			sourceTree = "<group>";
		};
		719820052BD92ECF002852B1 /* WebViewANL */ = {
			isa = PBXGroup;
			children = (
				719820062BD92ECF002852B1 /* AppDelegate.swift */,
				719820082BD92ECF002852B1 /* SceneDelegate.swift */,
				7198200A2BD92ECF002852B1 /* ViewController.swift */,
				711D01882BDA7155009C95E2 /* MockServer.swift */,
				7198200C2BD92ECF002852B1 /* Main.storyboard */,
				7198200F2BD92ED2002852B1 /* Assets.xcassets */,
				719820112BD92ED2002852B1 /* LaunchScreen.storyboard */,
				719820142BD92ED2002852B1 /* Info.plist */,
			);
			path = WebViewANL;
			sourceTree = "<group>";
		};
/* End PBXGroup section */

/* Begin PBXNativeTarget section */
		719820022BD92ECF002852B1 /* WebViewANL */ = {
			isa = PBXNativeTarget;
			buildConfigurationList = 719820172BD92ED2002852B1 /* Build configuration list for PBXNativeTarget "WebViewANL" */;
			buildPhases = (
				71981FFF2BD92ECF002852B1 /* Sources */,
				719820002BD92ECF002852B1 /* Frameworks */,
				719820012BD92ECF002852B1 /* Resources */,
			);
			buildRules = (
			);
			dependencies = (
			);
			name = WebViewANL;
			packageProductDependencies = (
				711D01862BDA7149009C95E2 /* NIOHTTP2 */,
			);
			productName = WebViewANL;
			productReference = 719820032BD92ECF002852B1 /* WebViewANL.app */;
			productType = "com.apple.product-type.application";
		};
/* End PBXNativeTarget section */

/* Begin PBXProject section */
		71981FFB2BD92ECF002852B1 /* Project object */ = {
			isa = PBXProject;
			attributes = {
				BuildIndependentTargetsInParallel = 1;
				LastSwiftUpdateCheck = 1510;
				LastUpgradeCheck = 1510;
				TargetAttributes = {
					719820022BD92ECF002852B1 = {
						CreatedOnToolsVersion = 15.1;
					};
				};
			};
			buildConfigurationList = 71981FFE2BD92ECF002852B1 /* Build configuration list for PBXProject "WebViewANL" */;
			compatibilityVersion = "Xcode 14.0";
			developmentRegion = en;
			hasScannedForEncodings = 0;
			knownRegions = (
				en,
				Base,
			);
			mainGroup = 71981FFA2BD92ECF002852B1;
			packageReferences = (
				711D01852BDA7148009C95E2 /* XCRemoteSwiftPackageReference "swift-nio-http2" */,
			);
			productRefGroup = 719820042BD92ECF002852B1 /* Products */;
			projectDirPath = "";
			projectRoot = "";
			targets = (
				719820022BD92ECF002852B1 /* WebViewANL */,
			);
		};
/* End PBXProject section */

/* Begin PBXResourcesBuildPhase section */
		719820012BD92ECF002852B1 /* Resources */ = {
			isa = PBXResourcesBuildPhase;
			buildActionMask = 2147483647;
			files = (
				719820132BD92ED2002852B1 /* LaunchScreen.storyboard in Resources */,
				719820102BD92ED2002852B1 /* Assets.xcassets in Resources */,
				7198200E2BD92ECF002852B1 /* Main.storyboard in Resources */,
			);
			runOnlyForDeploymentPostprocessing = 0;
		};
/* End PBXResourcesBuildPhase section */

/* Begin PBXSourcesBuildPhase section */
		71981FFF2BD92ECF002852B1 /* Sources */ = {
			isa = PBXSourcesBuildPhase;
			buildActionMask = 2147483647;
			files = (
				711D01892BDA7155009C95E2 /* MockServer.swift in Sources */,
				7198200B2BD92ECF002852B1 /* ViewController.swift in Sources */,
				719820072BD92ECF002852B1 /* AppDelegate.swift in Sources */,
				719820092BD92ECF002852B1 /* SceneDelegate.swift in Sources */,
			);
			runOnlyForDeploymentPostprocessing = 0;
		};
/* End PBXSourcesBuildPhase section */

/* Begin PBXVariantGroup section */
		7198200C2BD92ECF002852B1 /* Main.storyboard */ = {
			isa = PBXVariantGroup;
			children = (
				7198200D2BD92ECF002852B1 /* Base */,
			);
			name = Main.storyboard;
			sourceTree = "<group>";
		};
		719820112BD92ED2002852B1 /* LaunchScreen.storyboard */ = {
			isa = PBXVariantGroup;
			children = (
				719820122BD92ED2002852B1 /* Base */,
			);
			name = LaunchScreen.storyboard;
			sourceTree = "<group>";
		};
/* End PBXVariantGroup section */

/* Begin XCBuildConfiguration section */
		719820152BD92ED2002852B1 /* Debug */ = {
			isa = XCBuildConfiguration;
			buildSettings = {
				ALWAYS_SEARCH_USER_PATHS = NO;
				ASSETCATALOG_COMPILER_GENERATE_SWIFT_ASSET_SYMBOL_EXTENSIONS = YES;
				CLANG_ANALYZER_NONNULL = YES;
				CLANG_ANALYZER_NUMBER_OBJECT_CONVERSION = YES_AGGRESSIVE;
				CLANG_CXX_LANGUAGE_STANDARD = "gnu++20";
				CLANG_ENABLE_MODULES = YES;
				CLANG_ENABLE_OBJC_ARC = YES;
				CLANG_ENABLE_OBJC_WEAK = YES;
				CLANG_WARN_BLOCK_CAPTURE_AUTORELEASING = YES;
				CLANG_WARN_BOOL_CONVERSION = YES;
				CLANG_WARN_COMMA = YES;
				CLANG_WARN_CONSTANT_CONVERSION = YES;
				CLANG_WARN_DEPRECATED_OBJC_IMPLEMENTATIONS = YES;
				CLANG_WARN_DIRECT_OBJC_ISA_USAGE = YES_ERROR;
				CLANG_WARN_DOCUMENTATION_COMMENTS = YES;
				CLANG_WARN_EMPTY_BODY = YES;
				CLANG_WARN_ENUM_CONVERSION = YES;
				CLANG_WARN_INFINITE_RECURSION = YES;
				CLANG_WARN_INT_CONVERSION = YES;
				CLANG_WARN_NON_LITERAL_NULL_CONVERSION = YES;
				CLANG_WARN_OBJC_IMPLICIT_RETAIN_SELF = YES;
				CLANG_WARN_OBJC_LITERAL_CONVERSION = YES;
				CLANG_WARN_OBJC_ROOT_CLASS = YES_ERROR;
				CLANG_WARN_QUOTED_INCLUDE_IN_FRAMEWORK_HEADER = YES;
				CLANG_WARN_RANGE_LOOP_ANALYSIS = YES;
				CLANG_WARN_STRICT_PROTOTYPES = YES;
				CLANG_WARN_SUSPICIOUS_MOVE = YES;
				CLANG_WARN_UNGUARDED_AVAILABILITY = YES_AGGRESSIVE;
				CLANG_WARN_UNREACHABLE_CODE = YES;
				CLANG_WARN__DUPLICATE_METHOD_MATCH = YES;
				COPY_PHASE_STRIP = NO;
				DEBUG_INFORMATION_FORMAT = dwarf;
				ENABLE_STRICT_OBJC_MSGSEND = YES;
				ENABLE_TESTABILITY = YES;
				GCC_C_LANGUAGE_STANDARD = gnu17;
				GCC_DYNAMIC_NO_PIC = NO;
				GCC_NO_COMMON_BLOCKS = YES;
				GCC_OPTIMIZATION_LEVEL = 0;
				GCC_PREPROCESSOR_DEFINITIONS = (
					"DEBUG=1",
					"$(inherited)",
				);
				GCC_WARN_64_TO_32_BIT_CONVERSION = YES;
				GCC_WARN_ABOUT_RETURN_TYPE = YES_ERROR;
				GCC_WARN_UNDECLARED_SELECTOR = YES;
				GCC_WARN_UNINITIALIZED_AUTOS = YES_AGGRESSIVE;
				GCC_WARN_UNUSED_FUNCTION = YES;
				GCC_WARN_UNUSED_VARIABLE = YES;
				IPHONEOS_DEPLOYMENT_TARGET = 17.2;
				LOCALIZATION_PREFERS_STRING_CATALOGS = YES;
				MTL_ENABLE_DEBUG_INFO = INCLUDE_SOURCE;
				MTL_FAST_MATH = YES;
				ONLY_ACTIVE_ARCH = YES;
				SDKROOT = iphoneos;
				SWIFT_ACTIVE_COMPILATION_CONDITIONS = "DEBUG $(inherited)";
				SWIFT_OPTIMIZATION_LEVEL = "-Onone";
			};
			name = Debug;
		};
		719820162BD92ED2002852B1 /* Release */ = {
			isa = XCBuildConfiguration;
			buildSettings = {
				ALWAYS_SEARCH_USER_PATHS = NO;
				ASSETCATALOG_COMPILER_GENERATE_SWIFT_ASSET_SYMBOL_EXTENSIONS = YES;
				CLANG_ANALYZER_NONNULL = YES;
				CLANG_ANALYZER_NUMBER_OBJECT_CONVERSION = YES_AGGRESSIVE;
				CLANG_CXX_LANGUAGE_STANDARD = "gnu++20";
				CLANG_ENABLE_MODULES = YES;
				CLANG_ENABLE_OBJC_ARC = YES;
				CLANG_ENABLE_OBJC_WEAK = YES;
				CLANG_WARN_BLOCK_CAPTURE_AUTORELEASING = YES;
				CLANG_WARN_BOOL_CONVERSION = YES;
				CLANG_WARN_COMMA = YES;
				CLANG_WARN_CONSTANT_CONVERSION = YES;
				CLANG_WARN_DEPRECATED_OBJC_IMPLEMENTATIONS = YES;
				CLANG_WARN_DIRECT_OBJC_ISA_USAGE = YES_ERROR;
				CLANG_WARN_DOCUMENTATION_COMMENTS = YES;
				CLANG_WARN_EMPTY_BODY = YES;
				CLANG_WARN_ENUM_CONVERSION = YES;
				CLANG_WARN_INFINITE_RECURSION = YES;
				CLANG_WARN_INT_CONVERSION = YES;
				CLANG_WARN_NON_LITERAL_NULL_CONVERSION = YES;
				CLANG_WARN_OBJC_IMPLICIT_RETAIN_SELF = YES;
				CLANG_WARN_OBJC_LITERAL_CONVERSION = YES;
				CLANG_WARN_OBJC_ROOT_CLASS = YES_ERROR;
				CLANG_WARN_QUOTED_INCLUDE_IN_FRAMEWORK_HEADER = YES;
				CLANG_WARN_RANGE_LOOP_ANALYSIS = YES;
				CLANG_WARN_STRICT_PROTOTYPES = YES;
				CLANG_WARN_SUSPICIOUS_MOVE = YES;
				CLANG_WARN_UNGUARDED_AVAILABILITY = YES_AGGRESSIVE;
				CLANG_WARN_UNREACHABLE_CODE = YES;
				CLANG_WARN__DUPLICATE_METHOD_MATCH = YES;
				COPY_PHASE_STRIP = NO;
				DEBUG_INFORMATION_FORMAT = "dwarf-with-dsym";
				ENABLE_NS_ASSERTIONS = NO;
				ENABLE_STRICT_OBJC_MSGSEND = YES;
				GCC_C_LANGUAGE_STANDARD = gnu17;
				GCC_NO_COMMON_BLOCKS = YES;
				GCC_WARN_64_TO_32_BIT_CONVERSION = YES;
				GCC_WARN_ABOUT_RETURN_TYPE = YES_ERROR;
				GCC_WARN_UNDECLARED_SELECTOR = YES;
				GCC_WARN_UNINITIALIZED_AUTOS = YES_AGGRESSIVE;
				GCC_WARN_UNUSED_FUNCTION = YES;
				GCC_WARN_UNUSED_VARIABLE = YES;
				IPHONEOS_DEPLOYMENT_TARGET = 17.2;
				LOCALIZATION_PREFERS_STRING_CATALOGS = YES;
				MTL_ENABLE_DEBUG_INFO = NO;
				MTL_FAST_MATH = YES;
				SDKROOT = iphoneos;
				SWIFT_COMPILATION_MODE = wholemodule;
				VALIDATE_PRODUCT = YES;
			};
			name = Release;
		};
		719820182BD92ED2002852B1 /* Debug */ = {
			isa = XCBuildConfiguration;
			buildSettings = {
				ASSETCATALOG_COMPILER_APPICON_NAME = AppIcon;
				ASSETCATALOG_COMPILER_GLOBAL_ACCENT_COLOR_NAME = AccentColor;
				CODE_SIGN_STYLE = Automatic;
				CURRENT_PROJECT_VERSION = 1;
				DEVELOPMENT_TEAM = Z4DUE37RUP;
				GENERATE_INFOPLIST_FILE = YES;
				INFOPLIST_FILE = WebViewANL/Info.plist;
				INFOPLIST_KEY_UIApplicationSupportsIndirectInputEvents = YES;
				INFOPLIST_KEY_UILaunchStoryboardName = LaunchScreen;
				INFOPLIST_KEY_UIMainStoryboardFile = Main;
				INFOPLIST_KEY_UISupportedInterfaceOrientations_iPad = "UIInterfaceOrientationPortrait UIInterfaceOrientationPortraitUpsideDown UIInterfaceOrientationLandscapeLeft UIInterfaceOrientationLandscapeRight";
				INFOPLIST_KEY_UISupportedInterfaceOrientations_iPhone = "UIInterfaceOrientationPortrait UIInterfaceOrientationLandscapeLeft UIInterfaceOrientationLandscapeRight";
				LD_RUNPATH_SEARCH_PATHS = (
					"$(inherited)",
					"@executable_path/Frameworks",
				);
				MARKETING_VERSION = 1.0;
				PRODUCT_BUNDLE_IDENTIFIER = com.espondi.wild;
				PRODUCT_NAME = "$(TARGET_NAME)";
				SWIFT_EMIT_LOC_STRINGS = YES;
				SWIFT_VERSION = 5.0;
				TARGETED_DEVICE_FAMILY = "1,2";
			};
			name = Debug;
		};
		719820192BD92ED2002852B1 /* Release */ = {
			isa = XCBuildConfiguration;
			buildSettings = {
				ASSETCATALOG_COMPILER_APPICON_NAME = AppIcon;
				ASSETCATALOG_COMPILER_GLOBAL_ACCENT_COLOR_NAME = AccentColor;
				CODE_SIGN_STYLE = Automatic;
				CURRENT_PROJECT_VERSION = 1;
				DEVELOPMENT_TEAM = Z4DUE37RUP;
				GENERATE_INFOPLIST_FILE = YES;
				INFOPLIST_FILE = WebViewANL/Info.plist;
				INFOPLIST_KEY_UIApplicationSupportsIndirectInputEvents = YES;
				INFOPLIST_KEY_UILaunchStoryboardName = LaunchScreen;
				INFOPLIST_KEY_UIMainStoryboardFile = Main;
				INFOPLIST_KEY_UISupportedInterfaceOrientations_iPad = "UIInterfaceOrientationPortrait UIInterfaceOrientationPortraitUpsideDown UIInterfaceOrientationLandscapeLeft UIInterfaceOrientationLandscapeRight";
				INFOPLIST_KEY_UISupportedInterfaceOrientations_iPhone = "UIInterfaceOrientationPortrait UIInterfaceOrientationLandscapeLeft UIInterfaceOrientationLandscapeRight";
				LD_RUNPATH_SEARCH_PATHS = (
					"$(inherited)",
					"@executable_path/Frameworks",
				);
				MARKETING_VERSION = 1.0;
				PRODUCT_BUNDLE_IDENTIFIER = com.espondi.wild;
				PRODUCT_NAME = "$(TARGET_NAME)";
				SWIFT_EMIT_LOC_STRINGS = YES;
				SWIFT_VERSION = 5.0;
				TARGETED_DEVICE_FAMILY = "1,2";
			};
			name = Release;
		};
/* End XCBuildConfiguration section */

/* Begin XCConfigurationList section */
		71981FFE2BD92ECF002852B1 /* Build configuration list for PBXProject "WebViewANL" */ = {
			isa = XCConfigurationList;
			buildConfigurations = (
				719820152BD92ED2002852B1 /* Debug */,
				719820162BD92ED2002852B1 /* Release */,
			);
			defaultConfigurationIsVisible = 0;
			defaultConfigurationName = Release;
		};
		719820172BD92ED2002852B1 /* Build configuration list for PBXNativeTarget "WebViewANL" */ = {
			isa = XCConfigurationList;
			buildConfigurations = (
				719820182BD92ED2002852B1 /* Debug */,
				719820192BD92ED2002852B1 /* Release */,
			);
			defaultConfigurationIsVisible = 0;
			defaultConfigurationName = Release;
		};
/* End XCConfigurationList section */

/* Begin XCRemoteSwiftPackageReference section */
		711D01852BDA7148009C95E2 /* XCRemoteSwiftPackageReference "swift-nio-http2" */ = {
			isa = XCRemoteSwiftPackageReference;
			repositoryURL = "https://github.com/apple/swift-nio-http2.git";
			requirement = {
				kind = upToNextMajorVersion;
				minimumVersion = 1.31.0;
			};
		};
/* End XCRemoteSwiftPackageReference section */

/* Begin XCSwiftPackageProductDependency section */
		711D01862BDA7149009C95E2 /* NIOHTTP2 */ = {
			isa = XCSwiftPackageProductDependency;
			package = 711D01852BDA7148009C95E2 /* XCRemoteSwiftPackageReference "swift-nio-http2" */;
			productName = NIOHTTP2;
		};
/* End XCSwiftPackageProductDependency section */
	};
	rootObject = 71981FFB2BD92ECF002852B1 /* Project object */;
}
